
Microsoft Visual Studio Solution File, Format Version 12.00
# Visual Studio 15
VisualStudioVersion = 15.0.28307.168
MinimumVisualStudioVersion = 10.0.40219.1
Project("{9A19103F-16F7-4668-BE54-9A1E7A4F7556}") = "OOP", "OOP\OOP.csproj", "{51D3D195-3771-420D-A841-13F4D89D275B}"
EndProject
Global
	GlobalSection(SolutionConfigurationPlatforms) = preSolution
		Debug|Any CPU = Debug|Any CPU
		Release|Any CPU = Release|Any CPU
	EndGlobalSection
	GlobalSection(ProjectConfigurationPlatforms) = postSolution
		{51D3D195-3771-420D-A841-13F4D89D275B}.Debug|Any CPU.ActiveCfg = Debug|Any CPU
		{51D3D195-3771-420D-A841-13F4D89D275B}.Debug|Any CPU.Build.0 = Debug|Any CPU
		{51D3D195-3771-420D-A841-13F4D89D275B}.Release|Any CPU.ActiveCfg = Release|Any CPU
		{51D3D195-3771-420D-A841-13F4D89D275B}.Release|Any CPU.Build.0 = Release|Any CPU
	EndGlobalSection
	GlobalSection(SolutionProperties) = preSolution
		HideSolutionNode = FALSE
	EndGlobalSection
	GlobalSection(ExtensibilityGlobals) = postSolution
		SolutionGuid = {110E33F7-3011-4F12-89B2-9C350EEA7EE5}
	EndGlobalSection
EndGlobal
